
Microsoft Visual Studio Solution File, Format Version 12.00
# Visual Studio Version 16
VisualStudioVersion = 16.0.30621.155
MinimumVisualStudioVersion = 10.0.40219.1
Project("{FAE04EC0-301F-11D3-BF4B-00C04F79EFBC}") = "Lab 5. N 4", "Lab 5. N 4\Lab 5. N 4.csproj", "{F42C0851-AD4F-45A2-B8A0-5F230BB78BC1}"
EndProject
Global
	GlobalSection(SolutionConfigurationPlatforms) = preSolution
		Debug|Any CPU = Debug|Any CPU
		Release|Any CPU = Release|Any CPU
	EndGlobalSection
	GlobalSection(ProjectConfigurationPlatforms) = postSolution
		{F42C0851-AD4F-45A2-B8A0-5F230BB78BC1}.Debug|Any CPU.ActiveCfg = Debug|Any CPU
		{F42C0851-AD4F-45A2-B8A0-5F230BB78BC1}.Debug|Any CPU.Build.0 = Debug|Any CPU
		{F42C0851-AD4F-45A2-B8A0-5F230BB78BC1}.Release|Any CPU.ActiveCfg = Release|Any CPU
		{F42C0851-AD4F-45A2-B8A0-5F230BB78BC1}.Release|Any CPU.Build.0 = Release|Any CPU
	EndGlobalSection
	GlobalSection(SolutionProperties) = preSolution
		HideSolutionNode = FALSE
	EndGlobalSection
	GlobalSection(ExtensibilityGlobals) = postSolution
		SolutionGuid = {E94686D1-3B7F-4284-B7F4-A0414216E8ED}
	EndGlobalSection
EndGlobal
