
Microsoft Visual Studio Solution File, Format Version 12.00
# Visual Studio Version 16
VisualStudioVersion = 16.0.30621.155
MinimumVisualStudioVersion = 10.0.40219.1
Project("{FAE04EC0-301F-11D3-BF4B-00C04F79EFBC}") = "Lab 4. N4", "..\Lab 4. N4\Lab 4. N4\Lab 4. N4.csproj", "{E0837CEC-8CE7-4044-AFC7-9A4887132A0C}"
EndProject
Global
	GlobalSection(SolutionConfigurationPlatforms) = preSolution
		Debug|Any CPU = Debug|Any CPU
		Release|Any CPU = Release|Any CPU
	EndGlobalSection
	GlobalSection(ProjectConfigurationPlatforms) = postSolution
		{E0837CEC-8CE7-4044-AFC7-9A4887132A0C}.Debug|Any CPU.ActiveCfg = Debug|Any CPU
		{E0837CEC-8CE7-4044-AFC7-9A4887132A0C}.Debug|Any CPU.Build.0 = Debug|Any CPU
		{E0837CEC-8CE7-4044-AFC7-9A4887132A0C}.Release|Any CPU.ActiveCfg = Release|Any CPU
		{E0837CEC-8CE7-4044-AFC7-9A4887132A0C}.Release|Any CPU.Build.0 = Release|Any CPU
	EndGlobalSection
	GlobalSection(SolutionProperties) = preSolution
		HideSolutionNode = FALSE
	EndGlobalSection
	GlobalSection(ExtensibilityGlobals) = postSolution
		SolutionGuid = {1D1C7992-6F43-4181-8FCC-2962BB056C42}
	EndGlobalSection
EndGlobal
