
Microsoft Visual Studio Solution File, Format Version 12.00
# Visual Studio Version 16
VisualStudioVersion = 16.0.30621.155
MinimumVisualStudioVersion = 10.0.40219.1
Project("{FAE04EC0-301F-11D3-BF4B-00C04F79EFBC}") = "Lab 3.N3", "..\Lab 3.N3\Lab 3.N3\Lab 3.N3.csproj", "{ACF53915-4A77-41B9-AA55-FDC7F639B80B}"
EndProject
Global
	GlobalSection(SolutionConfigurationPlatforms) = preSolution
		Debug|Any CPU = Debug|Any CPU
		Release|Any CPU = Release|Any CPU
	EndGlobalSection
	GlobalSection(ProjectConfigurationPlatforms) = postSolution
		{ACF53915-4A77-41B9-AA55-FDC7F639B80B}.Debug|Any CPU.ActiveCfg = Debug|Any CPU
		{ACF53915-4A77-41B9-AA55-FDC7F639B80B}.Debug|Any CPU.Build.0 = Debug|Any CPU
		{ACF53915-4A77-41B9-AA55-FDC7F639B80B}.Release|Any CPU.ActiveCfg = Release|Any CPU
		{ACF53915-4A77-41B9-AA55-FDC7F639B80B}.Release|Any CPU.Build.0 = Release|Any CPU
	EndGlobalSection
	GlobalSection(SolutionProperties) = preSolution
		HideSolutionNode = FALSE
	EndGlobalSection
	GlobalSection(ExtensibilityGlobals) = postSolution
		SolutionGuid = {DC2FA99E-47F0-4E82-9CE5-9E125865167A}
	EndGlobalSection
EndGlobal
