
Microsoft Visual Studio Solution File, Format Version 12.00
# Visual Studio Version 16
VisualStudioVersion = 16.0.30621.155
MinimumVisualStudioVersion = 10.0.40219.1
Project("{FAE04EC0-301F-11D3-BF4B-00C04F79EFBC}") = "Lab 2. N 3", "..\Lab 2. N 3\Lab 2. N 3\Lab 2. N 3.csproj", "{19F9DDE3-CC18-4614-9789-ACB71CAD0861}"
EndProject
Global
	GlobalSection(SolutionConfigurationPlatforms) = preSolution
		Debug|Any CPU = Debug|Any CPU
		Release|Any CPU = Release|Any CPU
	EndGlobalSection
	GlobalSection(ProjectConfigurationPlatforms) = postSolution
		{19F9DDE3-CC18-4614-9789-ACB71CAD0861}.Debug|Any CPU.ActiveCfg = Debug|Any CPU
		{19F9DDE3-CC18-4614-9789-ACB71CAD0861}.Debug|Any CPU.Build.0 = Debug|Any CPU
		{19F9DDE3-CC18-4614-9789-ACB71CAD0861}.Release|Any CPU.ActiveCfg = Release|Any CPU
		{19F9DDE3-CC18-4614-9789-ACB71CAD0861}.Release|Any CPU.Build.0 = Release|Any CPU
	EndGlobalSection
	GlobalSection(SolutionProperties) = preSolution
		HideSolutionNode = FALSE
	EndGlobalSection
	GlobalSection(ExtensibilityGlobals) = postSolution
		SolutionGuid = {100DD7D6-9CE8-4083-975B-23F1686A8C48}
	EndGlobalSection
EndGlobal
