
Microsoft Visual Studio Solution File, Format Version 12.00
# Visual Studio Version 16
VisualStudioVersion = 16.0.30621.155
MinimumVisualStudioVersion = 10.0.40219.1
Project("{FAE04EC0-301F-11D3-BF4B-00C04F79EFBC}") = "Lab 5. N 3", "Lab 5. N 3\Lab 5. N 3.csproj", "{512DA87A-EBF1-4DC4-8617-FC52FEF69AB2}"
EndProject
Global
	GlobalSection(SolutionConfigurationPlatforms) = preSolution
		Debug|Any CPU = Debug|Any CPU
		Release|Any CPU = Release|Any CPU
	EndGlobalSection
	GlobalSection(ProjectConfigurationPlatforms) = postSolution
		{512DA87A-EBF1-4DC4-8617-FC52FEF69AB2}.Debug|Any CPU.ActiveCfg = Debug|Any CPU
		{512DA87A-EBF1-4DC4-8617-FC52FEF69AB2}.Debug|Any CPU.Build.0 = Debug|Any CPU
		{512DA87A-EBF1-4DC4-8617-FC52FEF69AB2}.Release|Any CPU.ActiveCfg = Release|Any CPU
		{512DA87A-EBF1-4DC4-8617-FC52FEF69AB2}.Release|Any CPU.Build.0 = Release|Any CPU
	EndGlobalSection
	GlobalSection(SolutionProperties) = preSolution
		HideSolutionNode = FALSE
	EndGlobalSection
	GlobalSection(ExtensibilityGlobals) = postSolution
		SolutionGuid = {DA69DF06-2111-4191-BE15-09725A4822C9}
	EndGlobalSection
EndGlobal
