
Microsoft Visual Studio Solution File, Format Version 12.00
# Visual Studio Version 16
VisualStudioVersion = 16.0.30621.155
MinimumVisualStudioVersion = 10.0.40219.1
Project("{FAE04EC0-301F-11D3-BF4B-00C04F79EFBC}") = "Lab 2. N 1", "..\Lab 2. N 1\Lab 2. N 1\Lab 2. N 1.csproj", "{093263A9-B0A2-4F0A-9BC1-634B6D887633}"
EndProject
Global
	GlobalSection(SolutionConfigurationPlatforms) = preSolution
		Debug|Any CPU = Debug|Any CPU
		Release|Any CPU = Release|Any CPU
	EndGlobalSection
	GlobalSection(ProjectConfigurationPlatforms) = postSolution
		{093263A9-B0A2-4F0A-9BC1-634B6D887633}.Debug|Any CPU.ActiveCfg = Debug|Any CPU
		{093263A9-B0A2-4F0A-9BC1-634B6D887633}.Debug|Any CPU.Build.0 = Debug|Any CPU
		{093263A9-B0A2-4F0A-9BC1-634B6D887633}.Release|Any CPU.ActiveCfg = Release|Any CPU
		{093263A9-B0A2-4F0A-9BC1-634B6D887633}.Release|Any CPU.Build.0 = Release|Any CPU
	EndGlobalSection
	GlobalSection(SolutionProperties) = preSolution
		HideSolutionNode = FALSE
	EndGlobalSection
	GlobalSection(ExtensibilityGlobals) = postSolution
		SolutionGuid = {36618DA2-D8C1-460C-ADD3-2AAA44805C98}
	EndGlobalSection
EndGlobal
